
Microsoft Visual Studio Solution File, Format Version 12.00
# Visual Studio 15
VisualStudioVersion = 15.0.28307.852
MinimumVisualStudioVersion = 10.0.40219.1
Project("{FAE04EC0-301F-11D3-BF4B-00C04F79EFBC}") = "DataBaseConnect", "DataBaseConnect\DataBaseConnect.csproj", "{FE87DBCA-AECF-4838-BDB0-9CE65EC3449F}"
EndProject
Project("{FAE04EC0-301F-11D3-BF4B-00C04F79EFBC}") = "INetwork", "INetwork\INetwork.csproj", "{05D19E57-0D2E-4B18-BD9E-8803D8A4C871}"
EndProject
Project("{FAE04EC0-301F-11D3-BF4B-00C04F79EFBC}") = "IInteractionController", "IInteractionController\IInteractionController.csproj", "{77EC09A7-6E9C-42CB-811D-CEBC2242209A}"
EndProject
Project("{FAE04EC0-301F-11D3-BF4B-00C04F79EFBC}") = "BridgeToInterface", "BridgeToInterface\BridgeToInterface.csproj", "{CCCF669B-2904-493C-B19B-2B56764BFA2B}"
	ProjectSection(ProjectDependencies) = postProject
		{FE87DBCA-AECF-4838-BDB0-9CE65EC3449F} = {FE87DBCA-AECF-4838-BDB0-9CE65EC3449F}
	EndProjectSection
EndProject
Project("{FAE04EC0-301F-11D3-BF4B-00C04F79EFBC}") = "Network.FootBall", "FootBall.Network\Network.FootBall.csproj", "{8076E44C-F1E2-470D-A5E0-A8F149FEDEC0}"
EndProject
Project("{FAE04EC0-301F-11D3-BF4B-00C04F79EFBC}") = "InteractionController.Football", "FootBall.InteractionController\InteractionController.Football.csproj", "{50FD2848-798D-4C89-8F8F-F64E298C3597}"
EndProject
Project("{FAE04EC0-301F-11D3-BF4B-00C04F79EFBC}") = "ProjectHelper", "ProjectHelper\ProjectHelper.csproj", "{343CB888-D6D5-4968-BD51-53A1BE2DF6E1}"
EndProject
Project("{FAE04EC0-301F-11D3-BF4B-00C04F79EFBC}") = "VangaGUI", "VangaGUI\VangaGUI.csproj", "{A6AF3796-95E8-446A-9BFC-C85791666A5E}"
EndProject
Project("{FAE04EC0-301F-11D3-BF4B-00C04F79EFBC}") = "InteractionController", "InteractionController\InteractionController.csproj", "{AE1FCB8B-41DD-4DD5-9FB2-35295E6B39D4}"
EndProject
Project("{FAE04EC0-301F-11D3-BF4B-00C04F79EFBC}") = "NetworkController", "NetWorkController\NetworkController.csproj", "{C70B9BFE-276E-4B7B-892E-30FE83EAD739}"
EndProject
Global
	GlobalSection(SolutionConfigurationPlatforms) = preSolution
		Debug|Any CPU = Debug|Any CPU
		Release|Any CPU = Release|Any CPU
	EndGlobalSection
	GlobalSection(ProjectConfigurationPlatforms) = postSolution
		{FE87DBCA-AECF-4838-BDB0-9CE65EC3449F}.Debug|Any CPU.ActiveCfg = Debug|Any CPU
		{FE87DBCA-AECF-4838-BDB0-9CE65EC3449F}.Debug|Any CPU.Build.0 = Debug|Any CPU
		{FE87DBCA-AECF-4838-BDB0-9CE65EC3449F}.Release|Any CPU.ActiveCfg = Release|Any CPU
		{FE87DBCA-AECF-4838-BDB0-9CE65EC3449F}.Release|Any CPU.Build.0 = Release|Any CPU
		{05D19E57-0D2E-4B18-BD9E-8803D8A4C871}.Debug|Any CPU.ActiveCfg = Debug|Any CPU
		{05D19E57-0D2E-4B18-BD9E-8803D8A4C871}.Debug|Any CPU.Build.0 = Debug|Any CPU
		{05D19E57-0D2E-4B18-BD9E-8803D8A4C871}.Release|Any CPU.ActiveCfg = Release|Any CPU
		{05D19E57-0D2E-4B18-BD9E-8803D8A4C871}.Release|Any CPU.Build.0 = Release|Any CPU
		{77EC09A7-6E9C-42CB-811D-CEBC2242209A}.Debug|Any CPU.ActiveCfg = Debug|Any CPU
		{77EC09A7-6E9C-42CB-811D-CEBC2242209A}.Debug|Any CPU.Build.0 = Debug|Any CPU
		{77EC09A7-6E9C-42CB-811D-CEBC2242209A}.Release|Any CPU.ActiveCfg = Release|Any CPU
		{77EC09A7-6E9C-42CB-811D-CEBC2242209A}.Release|Any CPU.Build.0 = Release|Any CPU
		{CCCF669B-2904-493C-B19B-2B56764BFA2B}.Debug|Any CPU.ActiveCfg = Debug|Any CPU
		{CCCF669B-2904-493C-B19B-2B56764BFA2B}.Debug|Any CPU.Build.0 = Debug|Any CPU
		{CCCF669B-2904-493C-B19B-2B56764BFA2B}.Release|Any CPU.ActiveCfg = Release|Any CPU
		{CCCF669B-2904-493C-B19B-2B56764BFA2B}.Release|Any CPU.Build.0 = Release|Any CPU
		{8076E44C-F1E2-470D-A5E0-A8F149FEDEC0}.Debug|Any CPU.ActiveCfg = Debug|Any CPU
		{8076E44C-F1E2-470D-A5E0-A8F149FEDEC0}.Debug|Any CPU.Build.0 = Debug|Any CPU
		{8076E44C-F1E2-470D-A5E0-A8F149FEDEC0}.Release|Any CPU.ActiveCfg = Release|Any CPU
		{8076E44C-F1E2-470D-A5E0-A8F149FEDEC0}.Release|Any CPU.Build.0 = Release|Any CPU
		{50FD2848-798D-4C89-8F8F-F64E298C3597}.Debug|Any CPU.ActiveCfg = Debug|Any CPU
		{50FD2848-798D-4C89-8F8F-F64E298C3597}.Debug|Any CPU.Build.0 = Debug|Any CPU
		{50FD2848-798D-4C89-8F8F-F64E298C3597}.Release|Any CPU.ActiveCfg = Release|Any CPU
		{50FD2848-798D-4C89-8F8F-F64E298C3597}.Release|Any CPU.Build.0 = Release|Any CPU
		{343CB888-D6D5-4968-BD51-53A1BE2DF6E1}.Debug|Any CPU.ActiveCfg = Debug|Any CPU
		{343CB888-D6D5-4968-BD51-53A1BE2DF6E1}.Debug|Any CPU.Build.0 = Debug|Any CPU
		{343CB888-D6D5-4968-BD51-53A1BE2DF6E1}.Release|Any CPU.ActiveCfg = Release|Any CPU
		{343CB888-D6D5-4968-BD51-53A1BE2DF6E1}.Release|Any CPU.Build.0 = Release|Any CPU
		{A6AF3796-95E8-446A-9BFC-C85791666A5E}.Debug|Any CPU.ActiveCfg = Debug|Any CPU
		{A6AF3796-95E8-446A-9BFC-C85791666A5E}.Debug|Any CPU.Build.0 = Debug|Any CPU
		{A6AF3796-95E8-446A-9BFC-C85791666A5E}.Release|Any CPU.ActiveCfg = Release|Any CPU
		{A6AF3796-95E8-446A-9BFC-C85791666A5E}.Release|Any CPU.Build.0 = Release|Any CPU
		{AE1FCB8B-41DD-4DD5-9FB2-35295E6B39D4}.Debug|Any CPU.ActiveCfg = Debug|Any CPU
		{AE1FCB8B-41DD-4DD5-9FB2-35295E6B39D4}.Debug|Any CPU.Build.0 = Debug|Any CPU
		{AE1FCB8B-41DD-4DD5-9FB2-35295E6B39D4}.Release|Any CPU.ActiveCfg = Release|Any CPU
		{AE1FCB8B-41DD-4DD5-9FB2-35295E6B39D4}.Release|Any CPU.Build.0 = Release|Any CPU
		{C70B9BFE-276E-4B7B-892E-30FE83EAD739}.Debug|Any CPU.ActiveCfg = Debug|Any CPU
		{C70B9BFE-276E-4B7B-892E-30FE83EAD739}.Debug|Any CPU.Build.0 = Debug|Any CPU
		{C70B9BFE-276E-4B7B-892E-30FE83EAD739}.Release|Any CPU.ActiveCfg = Release|Any CPU
		{C70B9BFE-276E-4B7B-892E-30FE83EAD739}.Release|Any CPU.Build.0 = Release|Any CPU
	EndGlobalSection
	GlobalSection(SolutionProperties) = preSolution
		HideSolutionNode = FALSE
	EndGlobalSection
	GlobalSection(ExtensibilityGlobals) = postSolution
		SolutionGuid = {3BCF2F89-F170-466C-B879-DE8C3B23F6C6}
	EndGlobalSection
EndGlobal
